
Microsoft Visual Studio Solution File, Format Version 12.00
# Visual Studio 15
VisualStudioVersion = 15.0.27428.2027
MinimumVisualStudioVersion = 10.0.40219.1
Project("{8BC9CEB8-8B4A-11D0-8D11-00A0C91BC942}") = "Engine", "Engine\Engine.vcxproj", "{0065B689-B13C-42C1-81E8-6236F4EBFE46}"
EndProject
Global
	GlobalSection(SolutionConfigurationPlatforms) = preSolution
		Debug|x64 = Debug|x64
		Debug|x86 = Debug|x86
		Release|x64 = Release|x64
		Release|x86 = Release|x86
	EndGlobalSection
	GlobalSection(ProjectConfigurationPlatforms) = postSolution
		{0065B689-B13C-42C1-81E8-6236F4EBFE46}.Debug|x64.ActiveCfg = Debug|x64
		{0065B689-B13C-42C1-81E8-6236F4EBFE46}.Debug|x64.Build.0 = Debug|x64
		{0065B689-B13C-42C1-81E8-6236F4EBFE46}.Debug|x86.ActiveCfg = Debug|Win32
		{0065B689-B13C-42C1-81E8-6236F4EBFE46}.Debug|x86.Build.0 = Debug|Win32
		{0065B689-B13C-42C1-81E8-6236F4EBFE46}.Release|x64.ActiveCfg = Release|x64
		{0065B689-B13C-42C1-81E8-6236F4EBFE46}.Release|x64.Build.0 = Release|x64
		{0065B689-B13C-42C1-81E8-6236F4EBFE46}.Release|x86.ActiveCfg = Release|Win32
		{0065B689-B13C-42C1-81E8-6236F4EBFE46}.Release|x86.Build.0 = Release|Win32
	EndGlobalSection
	GlobalSection(SolutionProperties) = preSolution
		HideSolutionNode = FALSE
	EndGlobalSection
	GlobalSection(ExtensibilityGlobals) = postSolution
		SolutionGuid = {7EDB64DB-43AE-4C4A-A6AD-55C6B86AF701}
	EndGlobalSection
EndGlobal
